{
    "_readme": [
        "This file locks the dependencies of your project to a known state",
        "Read more about it at https://getcomposer.org/doc/01-basic-usage.md#installing-dependencies",
        "This file is @generated automatically"
    ],
    "content-hash": "793d369d243305a55f1f3156abddc79f",
    "packages": [
        {
            "name": "codeclimate/codeclimate-phpcodesniffer",
            "version": "master",
            "source": {
                "type": "git",
                "url": "git@github.com:codeclimate/codeclimate-phpcodesniffer.git",
                "reference": "master"
            },
            "dist": {
                "type": "zip",
                "url": "https://github.com/codeclimate/codeclimate-phpcodesniffer/archive/master.zip",
                "reference": "master"
            },
            "type": "library",
            "autoload": {
                "classmap": [
                    "./Sniffs.php"
                ]
            },
            "time": "2018-09-04T19:20:03+00:00"
        }
    ],
    "packages-dev": [
        {
            "name": "squizlabs/php_codesniffer",
            "version": "dev-master",
            "source": {
                "type": "git",
                "url": "https://github.com/squizlabs/PHP_CodeSniffer.git",
                "reference": "b477a41ac565dad7a01c8b42f4804280723ad02f"
            },
            "dist": {
                "type": "zip",
                "url": "https://api.github.com/repos/squizlabs/PHP_CodeSniffer/zipball/b477a41ac565dad7a01c8b42f4804280723ad02f",
                "reference": "b477a41ac565dad7a01c8b42f4804280723ad02f",
                "shasum": ""
            },
            "require": {
                "ext-simplexml": "*",
                "ext-tokenizer": "*",
                "ext-xmlwriter": "*",
                "php": ">=5.4.0"
            },
            "require-dev": {
                "phpunit/phpunit": "^4.0 || ^5.0 || ^6.0 || ^7.0"
            },
            "bin": [
                "bin/phpcs",
                "bin/phpcbf"
            ],
            "type": "library",
            "extra": {
                "branch-alias": {
                    "dev-master": "3.x-dev"
                }
            },
            "notification-url": "https://packagist.org/downloads/",
            "license": [
                "BSD-3-Clause"
            ],
            "authors": [
                {
                    "name": "Greg Sherwood",
                    "role": "lead"
                }
            ],
            "description": "PHP_CodeSniffer tokenizes PHP, JavaScript and CSS files and detects violations of a defined set of coding standards.",
            "homepage": "https://github.com/squizlabs/PHP_CodeSniffer",
            "keywords": [
                "phpcs",
                "standards"
            ],
            "time": "2020-01-10T04:04:04+00:00"
        }
    ],
    "aliases": [
        {
            "alias": "0.1",
            "alias_normalized": "0.1.0.0",
            "version": "9999999-dev",
            "package": "codeclimate/codeclimate-phpcodesniffer"
        }
    ],
    "minimum-stability": "stable",
    "stability-flags": {
        "codeclimate/codeclimate-phpcodesniffer": 20,
        "squizlabs/php_codesniffer": 20
    },
    "prefer-stable": false,
    "prefer-lowest": false,
    "platform": [],
    "platform-dev": []
}
